// !$*UTF8*$!
{
	archiveVersion = 1;
	classes = {
	};
	objectVersion = 48;
	objects = {

/* Begin PBXBuildFile section */
		F73E9A5C1FBC13EC00DE8569 /* MessagesViewController.swift in Sources */ = {isa = PBXBuildFile; fileRef = F73E9A5B1FBC13EC00DE8569 /* MessagesViewController.swift */; };
		F73E9A5E1FBC144800DE8569 /* UsersViewController.swift in Sources */ = {isa = PBXBuildFile; fileRef = F73E9A5D1FBC144800DE8569 /* UsersViewController.swift */; };
		F73E9A601FBC158900DE8569 /* LoginViewController.swift in Sources */ = {isa = PBXBuildFile; fileRef = F73E9A5F1FBC158900DE8569 /* LoginViewController.swift */; };
		F73E9A621FBC169800DE8569 /* SendMessageViewController.swift in Sources */ = {isa = PBXBuildFile; fileRef = F73E9A611FBC169800DE8569 /* SendMessageViewController.swift */; };
		F73E9A641FBC240700DE8569 /* MessageCell.swift in Sources */ = {isa = PBXBuildFile; fileRef = F73E9A631FBC240700DE8569 /* MessageCell.swift */; };
		F73E9A661FBE4D7B00DE8569 /* UserCell.swift in Sources */ = {isa = PBXBuildFile; fileRef = F73E9A651FBE4D7B00DE8569 /* UserCell.swift */; };
		F7B0A31C1FBBCDF9007139A1 /* AppDelegate.swift in Sources */ = {isa = PBXBuildFile; fileRef = F7B0A31B1FBBCDF9007139A1 /* AppDelegate.swift */; };
		F7B0A31E1FBBCDF9007139A1 /* ViewController.swift in Sources */ = {isa = PBXBuildFile; fileRef = F7B0A31D1FBBCDF9007139A1 /* ViewController.swift */; };
		F7B0A3211FBBCDF9007139A1 /* Main.storyboard in Resources */ = {isa = PBXBuildFile; fileRef = F7B0A31F1FBBCDF9007139A1 /* Main.storyboard */; };
		F7B0A3231FBBCDF9007139A1 /* Assets.xcassets in Resources */ = {isa = PBXBuildFile; fileRef = F7B0A3221FBBCDF9007139A1 /* Assets.xcassets */; };
		F7B0A3261FBBCDF9007139A1 /* LaunchScreen.storyboard in Resources */ = {isa = PBXBuildFile; fileRef = F7B0A3241FBBCDF9007139A1 /* LaunchScreen.storyboard */; };
		F7B0A3311FBBCDF9007139A1 /* SocialNetworkingTests.swift in Sources */ = {isa = PBXBuildFile; fileRef = F7B0A3301FBBCDF9007139A1 /* SocialNetworkingTests.swift */; };
		F7B0A33C1FBBCDF9007139A1 /* SocialNetworkingUITests.swift in Sources */ = {isa = PBXBuildFile; fileRef = F7B0A33B1FBBCDF9007139A1 /* SocialNetworkingUITests.swift */; };
		F7B0A34A1FBBCE0C007139A1 /* NetworkConnectivity.swift in Sources */ = {isa = PBXBuildFile; fileRef = F7B0A3491FBBCE0C007139A1 /* NetworkConnectivity.swift */; };
		F7B0A34C1FBBCE2B007139A1 /* MessageStructures.swift in Sources */ = {isa = PBXBuildFile; fileRef = F7B0A34B1FBBCE2B007139A1 /* MessageStructures.swift */; };
/* End PBXBuildFile section */

/* Begin PBXContainerItemProxy section */
		F7B0A32D1FBBCDF9007139A1 /* PBXContainerItemProxy */ = {
			isa = PBXContainerItemProxy;
			containerPortal = F7B0A3101FBBCDF9007139A1 /* Project object */;
			proxyType = 1;
			remoteGlobalIDString = F7B0A3171FBBCDF9007139A1;
			remoteInfo = SocialNetworking;
		};
		F7B0A3381FBBCDF9007139A1 /* PBXContainerItemProxy */ = {
			isa = PBXContainerItemProxy;
			containerPortal = F7B0A3101FBBCDF9007139A1 /* Project object */;
			proxyType = 1;
			remoteGlobalIDString = F7B0A3171FBBCDF9007139A1;
			remoteInfo = SocialNetworking;
		};
/* End PBXContainerItemProxy section */

/* Begin PBXFileReference section */
		F73E9A5B1FBC13EC00DE8569 /* MessagesViewController.swift */ = {isa = PBXFileReference; lastKnownFileType = sourcecode.swift; path = MessagesViewController.swift; sourceTree = "<group>"; };
		F73E9A5D1FBC144800DE8569 /* UsersViewController.swift */ = {isa = PBXFileReference; lastKnownFileType = sourcecode.swift; path = UsersViewController.swift; sourceTree = "<group>"; };
		F73E9A5F1FBC158900DE8569 /* LoginViewController.swift */ = {isa = PBXFileReference; lastKnownFileType = sourcecode.swift; path = LoginViewController.swift; sourceTree = "<group>"; };
		F73E9A611FBC169800DE8569 /* SendMessageViewController.swift */ = {isa = PBXFileReference; lastKnownFileType = sourcecode.swift; path = SendMessageViewController.swift; sourceTree = "<group>"; };
		F73E9A631FBC240700DE8569 /* MessageCell.swift */ = {isa = PBXFileReference; lastKnownFileType = sourcecode.swift; path = MessageCell.swift; sourceTree = "<group>"; };
		F73E9A651FBE4D7B00DE8569 /* UserCell.swift */ = {isa = PBXFileReference; lastKnownFileType = sourcecode.swift; path = UserCell.swift; sourceTree = "<group>"; };
		F7B0A3181FBBCDF9007139A1 /* SocialNetworking.app */ = {isa = PBXFileReference; explicitFileType = wrapper.application; includeInIndex = 0; path = SocialNetworking.app; sourceTree = BUILT_PRODUCTS_DIR; };
		F7B0A31B1FBBCDF9007139A1 /* AppDelegate.swift */ = {isa = PBXFileReference; lastKnownFileType = sourcecode.swift; path = AppDelegate.swift; sourceTree = "<group>"; };
		F7B0A31D1FBBCDF9007139A1 /* ViewController.swift */ = {isa = PBXFileReference; lastKnownFileType = sourcecode.swift; path = ViewController.swift; sourceTree = "<group>"; };
		F7B0A3201FBBCDF9007139A1 /* Base */ = {isa = PBXFileReference; lastKnownFileType = file.storyboard; name = Base; path = Base.lproj/Main.storyboard; sourceTree = "<group>"; };
		F7B0A3221FBBCDF9007139A1 /* Assets.xcassets */ = {isa = PBXFileReference; lastKnownFileType = folder.assetcatalog; path = Assets.xcassets; sourceTree = "<group>"; };
		F7B0A3251FBBCDF9007139A1 /* Base */ = {isa = PBXFileReference; lastKnownFileType = file.storyboard; name = Base; path = Base.lproj/LaunchScreen.storyboard; sourceTree = "<group>"; };
		F7B0A3271FBBCDF9007139A1 /* Info.plist */ = {isa = PBXFileReference; lastKnownFileType = text.plist.xml; path = Info.plist; sourceTree = "<group>"; };
		F7B0A32C1FBBCDF9007139A1 /* SocialNetworkingTests.xctest */ = {isa = PBXFileReference; explicitFileType = wrapper.cfbundle; includeInIndex = 0; path = SocialNetworkingTests.xctest; sourceTree = BUILT_PRODUCTS_DIR; };
		F7B0A3301FBBCDF9007139A1 /* SocialNetworkingTests.swift */ = {isa = PBXFileReference; lastKnownFileType = sourcecode.swift; path = SocialNetworkingTests.swift; sourceTree = "<group>"; };
		F7B0A3321FBBCDF9007139A1 /* Info.plist */ = {isa = PBXFileReference; lastKnownFileType = text.plist.xml; path = Info.plist; sourceTree = "<group>"; };
		F7B0A3371FBBCDF9007139A1 /* SocialNetworkingUITests.xctest */ = {isa = PBXFileReference; explicitFileType = wrapper.cfbundle; includeInIndex = 0; path = SocialNetworkingUITests.xctest; sourceTree = BUILT_PRODUCTS_DIR; };
		F7B0A33B1FBBCDF9007139A1 /* SocialNetworkingUITests.swift */ = {isa = PBXFileReference; lastKnownFileType = sourcecode.swift; path = SocialNetworkingUITests.swift; sourceTree = "<group>"; };
		F7B0A33D1FBBCDF9007139A1 /* Info.plist */ = {isa = PBXFileReference; lastKnownFileType = text.plist.xml; path = Info.plist; sourceTree = "<group>"; };
		F7B0A3491FBBCE0C007139A1 /* NetworkConnectivity.swift */ = {isa = PBXFileReference; lastKnownFileType = sourcecode.swift; path = NetworkConnectivity.swift; sourceTree = "<group>"; };
		F7B0A34B1FBBCE2B007139A1 /* MessageStructures.swift */ = {isa = PBXFileReference; lastKnownFileType = sourcecode.swift; path = MessageStructures.swift; sourceTree = "<group>"; };
/* End PBXFileReference section */

/* Begin PBXFrameworksBuildPhase section */
		F7B0A3151FBBCDF9007139A1 /* Frameworks */ = {
			isa = PBXFrameworksBuildPhase;
			buildActionMask = 2147483647;
			files = (
			);
			runOnlyForDeploymentPostprocessing = 0;
		};
		F7B0A3291FBBCDF9007139A1 /* Frameworks */ = {
			isa = PBXFrameworksBuildPhase;
			buildActionMask = 2147483647;
			files = (
			);
			runOnlyForDeploymentPostprocessing = 0;
		};
		F7B0A3341FBBCDF9007139A1 /* Frameworks */ = {
			isa = PBXFrameworksBuildPhase;
			buildActionMask = 2147483647;
			files = (
			);
			runOnlyForDeploymentPostprocessing = 0;
		};
/* End PBXFrameworksBuildPhase section */

/* Begin PBXGroup section */
		F7B0A30F1FBBCDF9007139A1 = {
			isa = PBXGroup;
			children = (
				F7B0A31A1FBBCDF9007139A1 /* SocialNetworking */,
				F7B0A32F1FBBCDF9007139A1 /* SocialNetworkingTests */,
				F7B0A33A1FBBCDF9007139A1 /* SocialNetworkingUITests */,
				F7B0A3191FBBCDF9007139A1 /* Products */,
			);
			sourceTree = "<group>";
		};
		F7B0A3191FBBCDF9007139A1 /* Products */ = {
			isa = PBXGroup;
			children = (
				F7B0A3181FBBCDF9007139A1 /* SocialNetworking.app */,
				F7B0A32C1FBBCDF9007139A1 /* SocialNetworkingTests.xctest */,
				F7B0A3371FBBCDF9007139A1 /* SocialNetworkingUITests.xctest */,
			);
			name = Products;
			sourceTree = "<group>";
		};
		F7B0A31A1FBBCDF9007139A1 /* SocialNetworking */ = {
			isa = PBXGroup;
			children = (
				F7B0A31B1FBBCDF9007139A1 /* AppDelegate.swift */,
				F7B0A31D1FBBCDF9007139A1 /* ViewController.swift */,
				F7B0A3491FBBCE0C007139A1 /* NetworkConnectivity.swift */,
				F7B0A34B1FBBCE2B007139A1 /* MessageStructures.swift */,
				F7B0A31F1FBBCDF9007139A1 /* Main.storyboard */,
				F73E9A651FBE4D7B00DE8569 /* UserCell.swift */,
				F73E9A611FBC169800DE8569 /* SendMessageViewController.swift */,
				F73E9A5F1FBC158900DE8569 /* LoginViewController.swift */,
				F73E9A5D1FBC144800DE8569 /* UsersViewController.swift */,
				F73E9A5B1FBC13EC00DE8569 /* MessagesViewController.swift */,
				F73E9A631FBC240700DE8569 /* MessageCell.swift */,
				F7B0A3221FBBCDF9007139A1 /* Assets.xcassets */,
				F7B0A3241FBBCDF9007139A1 /* LaunchScreen.storyboard */,
				F7B0A3271FBBCDF9007139A1 /* Info.plist */,
			);
			path = SocialNetworking;
			sourceTree = "<group>";
		};
		F7B0A32F1FBBCDF9007139A1 /* SocialNetworkingTests */ = {
			isa = PBXGroup;
			children = (
				F7B0A3301FBBCDF9007139A1 /* SocialNetworkingTests.swift */,
				F7B0A3321FBBCDF9007139A1 /* Info.plist */,
			);
			path = SocialNetworkingTests;
			sourceTree = "<group>";
		};
		F7B0A33A1FBBCDF9007139A1 /* SocialNetworkingUITests */ = {
			isa = PBXGroup;
			children = (
				F7B0A33B1FBBCDF9007139A1 /* SocialNetworkingUITests.swift */,
				F7B0A33D1FBBCDF9007139A1 /* Info.plist */,
			);
			path = SocialNetworkingUITests;
			sourceTree = "<group>";
		};
/* End PBXGroup section */

/* Begin PBXNativeTarget section */
		F7B0A3171FBBCDF9007139A1 /* SocialNetworking */ = {
			isa = PBXNativeTarget;
			buildConfigurationList = F7B0A3401FBBCDF9007139A1 /* Build configuration list for PBXNativeTarget "SocialNetworking" */;
			buildPhases = (
				F7B0A3141FBBCDF9007139A1 /* Sources */,
				F7B0A3151FBBCDF9007139A1 /* Frameworks */,
				F7B0A3161FBBCDF9007139A1 /* Resources */,
			);
			buildRules = (
			);
			dependencies = (
			);
			name = SocialNetworking;
			productName = SocialNetworking;
			productReference = F7B0A3181FBBCDF9007139A1 /* SocialNetworking.app */;
			productType = "com.apple.product-type.application";
		};
		F7B0A32B1FBBCDF9007139A1 /* SocialNetworkingTests */ = {
			isa = PBXNativeTarget;
			buildConfigurationList = F7B0A3431FBBCDF9007139A1 /* Build configuration list for PBXNativeTarget "SocialNetworkingTests" */;
			buildPhases = (
				F7B0A3281FBBCDF9007139A1 /* Sources */,
				F7B0A3291FBBCDF9007139A1 /* Frameworks */,
				F7B0A32A1FBBCDF9007139A1 /* Resources */,
			);
			buildRules = (
			);
			dependencies = (
				F7B0A32E1FBBCDF9007139A1 /* PBXTargetDependency */,
			);
			name = SocialNetworkingTests;
			productName = SocialNetworkingTests;
			productReference = F7B0A32C1FBBCDF9007139A1 /* SocialNetworkingTests.xctest */;
			productType = "com.apple.product-type.bundle.unit-test";
		};
		F7B0A3361FBBCDF9007139A1 /* SocialNetworkingUITests */ = {
			isa = PBXNativeTarget;
			buildConfigurationList = F7B0A3461FBBCDF9007139A1 /* Build configuration list for PBXNativeTarget "SocialNetworkingUITests" */;
			buildPhases = (
				F7B0A3331FBBCDF9007139A1 /* Sources */,
				F7B0A3341FBBCDF9007139A1 /* Frameworks */,
				F7B0A3351FBBCDF9007139A1 /* Resources */,
			);
			buildRules = (
			);
			dependencies = (
				F7B0A3391FBBCDF9007139A1 /* PBXTargetDependency */,
			);
			name = SocialNetworkingUITests;
			productName = SocialNetworkingUITests;
			productReference = F7B0A3371FBBCDF9007139A1 /* SocialNetworkingUITests.xctest */;
			productType = "com.apple.product-type.bundle.ui-testing";
		};
/* End PBXNativeTarget section */

/* Begin PBXProject section */
		F7B0A3101FBBCDF9007139A1 /* Project object */ = {
			isa = PBXProject;
			attributes = {
				LastSwiftUpdateCheck = 0910;
				LastUpgradeCheck = 0910;
				ORGANIZATIONNAME = "Wyatt Allen";
				TargetAttributes = {
					F7B0A3171FBBCDF9007139A1 = {
						CreatedOnToolsVersion = 9.1;
						ProvisioningStyle = Automatic;
					};
					F7B0A32B1FBBCDF9007139A1 = {
						CreatedOnToolsVersion = 9.1;
						ProvisioningStyle = Automatic;
						TestTargetID = F7B0A3171FBBCDF9007139A1;
					};
					F7B0A3361FBBCDF9007139A1 = {
						CreatedOnToolsVersion = 9.1;
						ProvisioningStyle = Automatic;
						TestTargetID = F7B0A3171FBBCDF9007139A1;
					};
				};
			};
			buildConfigurationList = F7B0A3131FBBCDF9007139A1 /* Build configuration list for PBXProject "SocialNetworking" */;
			compatibilityVersion = "Xcode 8.0";
			developmentRegion = en;
			hasScannedForEncodings = 0;
			knownRegions = (
				en,
				Base,
			);
			mainGroup = F7B0A30F1FBBCDF9007139A1;
			productRefGroup = F7B0A3191FBBCDF9007139A1 /* Products */;
			projectDirPath = "";
			projectRoot = "";
			targets = (
				F7B0A3171FBBCDF9007139A1 /* SocialNetworking */,
				F7B0A32B1FBBCDF9007139A1 /* SocialNetworkingTests */,
				F7B0A3361FBBCDF9007139A1 /* SocialNetworkingUITests */,
			);
		};
/* End PBXProject section */

/* Begin PBXResourcesBuildPhase section */
		F7B0A3161FBBCDF9007139A1 /* Resources */ = {
			isa = PBXResourcesBuildPhase;
			buildActionMask = 2147483647;
			files = (
				F7B0A3261FBBCDF9007139A1 /* LaunchScreen.storyboard in Resources */,
				F7B0A3231FBBCDF9007139A1 /* Assets.xcassets in Resources */,
				F7B0A3211FBBCDF9007139A1 /* Main.storyboard in Resources */,
			);
			runOnlyForDeploymentPostprocessing = 0;
		};
		F7B0A32A1FBBCDF9007139A1 /* Resources */ = {
			isa = PBXResourcesBuildPhase;
			buildActionMask = 2147483647;
			files = (
			);
			runOnlyForDeploymentPostprocessing = 0;
		};
		F7B0A3351FBBCDF9007139A1 /* Resources */ = {
			isa = PBXResourcesBuildPhase;
			buildActionMask = 2147483647;
			files = (
			);
			runOnlyForDeploymentPostprocessing = 0;
		};
/* End PBXResourcesBuildPhase section */

/* Begin PBXSourcesBuildPhase section */
		F7B0A3141FBBCDF9007139A1 /* Sources */ = {
			isa = PBXSourcesBuildPhase;
			buildActionMask = 2147483647;
			files = (
				F73E9A621FBC169800DE8569 /* SendMessageViewController.swift in Sources */,
				F73E9A601FBC158900DE8569 /* LoginViewController.swift in Sources */,
				F73E9A5C1FBC13EC00DE8569 /* MessagesViewController.swift in Sources */,
				F73E9A5E1FBC144800DE8569 /* UsersViewController.swift in Sources */,
				F7B0A31E1FBBCDF9007139A1 /* ViewController.swift in Sources */,
				F7B0A34A1FBBCE0C007139A1 /* NetworkConnectivity.swift in Sources */,
				F7B0A31C1FBBCDF9007139A1 /* AppDelegate.swift in Sources */,
				F7B0A34C1FBBCE2B007139A1 /* MessageStructures.swift in Sources */,
				F73E9A661FBE4D7B00DE8569 /* UserCell.swift in Sources */,
				F73E9A641FBC240700DE8569 /* MessageCell.swift in Sources */,
			);
			runOnlyForDeploymentPostprocessing = 0;
		};
		F7B0A3281FBBCDF9007139A1 /* Sources */ = {
			isa = PBXSourcesBuildPhase;
			buildActionMask = 2147483647;
			files = (
				F7B0A3311FBBCDF9007139A1 /* SocialNetworkingTests.swift in Sources */,
			);
			runOnlyForDeploymentPostprocessing = 0;
		};
		F7B0A3331FBBCDF9007139A1 /* Sources */ = {
			isa = PBXSourcesBuildPhase;
			buildActionMask = 2147483647;
			files = (
				F7B0A33C1FBBCDF9007139A1 /* SocialNetworkingUITests.swift in Sources */,
			);
			runOnlyForDeploymentPostprocessing = 0;
		};
/* End PBXSourcesBuildPhase section */

/* Begin PBXTargetDependency section */
		F7B0A32E1FBBCDF9007139A1 /* PBXTargetDependency */ = {
			isa = PBXTargetDependency;
			target = F7B0A3171FBBCDF9007139A1 /* SocialNetworking */;
			targetProxy = F7B0A32D1FBBCDF9007139A1 /* PBXContainerItemProxy */;
		};
		F7B0A3391FBBCDF9007139A1 /* PBXTargetDependency */ = {
			isa = PBXTargetDependency;
			target = F7B0A3171FBBCDF9007139A1 /* SocialNetworking */;
			targetProxy = F7B0A3381FBBCDF9007139A1 /* PBXContainerItemProxy */;
		};
/* End PBXTargetDependency section */

/* Begin PBXVariantGroup section */
		F7B0A31F1FBBCDF9007139A1 /* Main.storyboard */ = {
			isa = PBXVariantGroup;
			children = (
				F7B0A3201FBBCDF9007139A1 /* Base */,
			);
			name = Main.storyboard;
			sourceTree = "<group>";
		};
		F7B0A3241FBBCDF9007139A1 /* LaunchScreen.storyboard */ = {
			isa = PBXVariantGroup;
			children = (
				F7B0A3251FBBCDF9007139A1 /* Base */,
			);
			name = LaunchScreen.storyboard;
			sourceTree = "<group>";
		};
/* End PBXVariantGroup section */

/* Begin XCBuildConfiguration section */
		F7B0A33E1FBBCDF9007139A1 /* Debug */ = {
			isa = XCBuildConfiguration;
			buildSettings = {
				ALWAYS_SEARCH_USER_PATHS = NO;
				CLANG_ANALYZER_NONNULL = YES;
				CLANG_ANALYZER_NUMBER_OBJECT_CONVERSION = YES_AGGRESSIVE;
				CLANG_CXX_LANGUAGE_STANDARD = "gnu++14";
				CLANG_CXX_LIBRARY = "libc++";
				CLANG_ENABLE_MODULES = YES;
				CLANG_ENABLE_OBJC_ARC = YES;
				CLANG_WARN_BLOCK_CAPTURE_AUTORELEASING = YES;
				CLANG_WARN_BOOL_CONVERSION = YES;
				CLANG_WARN_COMMA = YES;
				CLANG_WARN_CONSTANT_CONVERSION = YES;
				CLANG_WARN_DIRECT_OBJC_ISA_USAGE = YES_ERROR;
				CLANG_WARN_DOCUMENTATION_COMMENTS = YES;
				CLANG_WARN_EMPTY_BODY = YES;
				CLANG_WARN_ENUM_CONVERSION = YES;
				CLANG_WARN_INFINITE_RECURSION = YES;
				CLANG_WARN_INT_CONVERSION = YES;
				CLANG_WARN_NON_LITERAL_NULL_CONVERSION = YES;
				CLANG_WARN_OBJC_LITERAL_CONVERSION = YES;
				CLANG_WARN_OBJC_ROOT_CLASS = YES_ERROR;
				CLANG_WARN_RANGE_LOOP_ANALYSIS = YES;
				CLANG_WARN_STRICT_PROTOTYPES = YES;
				CLANG_WARN_SUSPICIOUS_MOVE = YES;
				CLANG_WARN_UNGUARDED_AVAILABILITY = YES_AGGRESSIVE;
				CLANG_WARN_UNREACHABLE_CODE = YES;
				CLANG_WARN__DUPLICATE_METHOD_MATCH = YES;
				CODE_SIGN_IDENTITY = "iPhone Developer";
				COPY_PHASE_STRIP = NO;
				DEBUG_INFORMATION_FORMAT = dwarf;
				ENABLE_STRICT_OBJC_MSGSEND = YES;
				ENABLE_TESTABILITY = YES;
				GCC_C_LANGUAGE_STANDARD = gnu11;
				GCC_DYNAMIC_NO_PIC = NO;
				GCC_NO_COMMON_BLOCKS = YES;
				GCC_OPTIMIZATION_LEVEL = 0;
				GCC_PREPROCESSOR_DEFINITIONS = (
					"DEBUG=1",
					"$(inherited)",
				);
				GCC_WARN_64_TO_32_BIT_CONVERSION = YES;
				GCC_WARN_ABOUT_RETURN_TYPE = YES_ERROR;
				GCC_WARN_UNDECLARED_SELECTOR = YES;
				GCC_WARN_UNINITIALIZED_AUTOS = YES_AGGRESSIVE;
				GCC_WARN_UNUSED_FUNCTION = YES;
				GCC_WARN_UNUSED_VARIABLE = YES;
				IPHONEOS_DEPLOYMENT_TARGET = 11.1;
				MTL_ENABLE_DEBUG_INFO = YES;
				ONLY_ACTIVE_ARCH = YES;
				SDKROOT = iphoneos;
				SWIFT_ACTIVE_COMPILATION_CONDITIONS = DEBUG;
				SWIFT_OPTIMIZATION_LEVEL = "-Onone";
			};
			name = Debug;
		};
		F7B0A33F1FBBCDF9007139A1 /* Release */ = {
			isa = XCBuildConfiguration;
			buildSettings = {
				ALWAYS_SEARCH_USER_PATHS = NO;
				CLANG_ANALYZER_NONNULL = YES;
				CLANG_ANALYZER_NUMBER_OBJECT_CONVERSION = YES_AGGRESSIVE;
				CLANG_CXX_LANGUAGE_STANDARD = "gnu++14";
				CLANG_CXX_LIBRARY = "libc++";
				CLANG_ENABLE_MODULES = YES;
				CLANG_ENABLE_OBJC_ARC = YES;
				CLANG_WARN_BLOCK_CAPTURE_AUTORELEASING = YES;
				CLANG_WARN_BOOL_CONVERSION = YES;
				CLANG_WARN_COMMA = YES;
				CLANG_WARN_CONSTANT_CONVERSION = YES;
				CLANG_WARN_DIRECT_OBJC_ISA_USAGE = YES_ERROR;
				CLANG_WARN_DOCUMENTATION_COMMENTS = YES;
				CLANG_WARN_EMPTY_BODY = YES;
				CLANG_WARN_ENUM_CONVERSION = YES;
				CLANG_WARN_INFINITE_RECURSION = YES;
				CLANG_WARN_INT_CONVERSION = YES;
				CLANG_WARN_NON_LITERAL_NULL_CONVERSION = YES;
				CLANG_WARN_OBJC_LITERAL_CONVERSION = YES;
				CLANG_WARN_OBJC_ROOT_CLASS = YES_ERROR;
				CLANG_WARN_RANGE_LOOP_ANALYSIS = YES;
				CLANG_WARN_STRICT_PROTOTYPES = YES;
				CLANG_WARN_SUSPICIOUS_MOVE = YES;
				CLANG_WARN_UNGUARDED_AVAILABILITY = YES_AGGRESSIVE;
				CLANG_WARN_UNREACHABLE_CODE = YES;
				CLANG_WARN__DUPLICATE_METHOD_MATCH = YES;
				CODE_SIGN_IDENTITY = "iPhone Developer";
				COPY_PHASE_STRIP = NO;
				DEBUG_INFORMATION_FORMAT = "dwarf-with-dsym";
				ENABLE_NS_ASSERTIONS = NO;
				ENABLE_STRICT_OBJC_MSGSEND = YES;
				GCC_C_LANGUAGE_STANDARD = gnu11;
				GCC_NO_COMMON_BLOCKS = YES;
				GCC_WARN_64_TO_32_BIT_CONVERSION = YES;
				GCC_WARN_ABOUT_RETURN_TYPE = YES_ERROR;
				GCC_WARN_UNDECLARED_SELECTOR = YES;
				GCC_WARN_UNINITIALIZED_AUTOS = YES_AGGRESSIVE;
				GCC_WARN_UNUSED_FUNCTION = YES;
				GCC_WARN_UNUSED_VARIABLE = YES;
				IPHONEOS_DEPLOYMENT_TARGET = 11.1;
				MTL_ENABLE_DEBUG_INFO = NO;
				SDKROOT = iphoneos;
				SWIFT_OPTIMIZATION_LEVEL = "-Owholemodule";
				VALIDATE_PRODUCT = YES;
			};
			name = Release;
		};
		F7B0A3411FBBCDF9007139A1 /* Debug */ = {
			isa = XCBuildConfiguration;
			buildSettings = {
				ASSETCATALOG_COMPILER_APPICON_NAME = AppIcon;
				CODE_SIGN_STYLE = Automatic;
				INFOPLIST_FILE = SocialNetworking/Info.plist;
				LD_RUNPATH_SEARCH_PATHS = "$(inherited) @executable_path/Frameworks";
				PRODUCT_BUNDLE_IDENTIFIER = wpa.SocialNetworking;
				PRODUCT_NAME = "$(TARGET_NAME)";
				SWIFT_VERSION = 4.0;
				TARGETED_DEVICE_FAMILY = "1,2";
			};
			name = Debug;
		};
		F7B0A3421FBBCDF9007139A1 /* Release */ = {
			isa = XCBuildConfiguration;
			buildSettings = {
				ASSETCATALOG_COMPILER_APPICON_NAME = AppIcon;
				CODE_SIGN_STYLE = Automatic;
				INFOPLIST_FILE = SocialNetworking/Info.plist;
				LD_RUNPATH_SEARCH_PATHS = "$(inherited) @executable_path/Frameworks";
				PRODUCT_BUNDLE_IDENTIFIER = wpa.SocialNetworking;
				PRODUCT_NAME = "$(TARGET_NAME)";
				SWIFT_VERSION = 4.0;
				TARGETED_DEVICE_FAMILY = "1,2";
			};
			name = Release;
		};
		F7B0A3441FBBCDF9007139A1 /* Debug */ = {
			isa = XCBuildConfiguration;
			buildSettings = {
				ALWAYS_EMBED_SWIFT_STANDARD_LIBRARIES = YES;
				BUNDLE_LOADER = "$(TEST_HOST)";
				CODE_SIGN_STYLE = Automatic;
				INFOPLIST_FILE = SocialNetworkingTests/Info.plist;
				LD_RUNPATH_SEARCH_PATHS = "$(inherited) @executable_path/Frameworks @loader_path/Frameworks";
				PRODUCT_BUNDLE_IDENTIFIER = wpa.SocialNetworkingTests;
				PRODUCT_NAME = "$(TARGET_NAME)";
				SWIFT_VERSION = 4.0;
				TARGETED_DEVICE_FAMILY = "1,2";
				TEST_HOST = "$(BUILT_PRODUCTS_DIR)/SocialNetworking.app/SocialNetworking";
			};
			name = Debug;
		};
		F7B0A3451FBBCDF9007139A1 /* Release */ = {
			isa = XCBuildConfiguration;
			buildSettings = {
				ALWAYS_EMBED_SWIFT_STANDARD_LIBRARIES = YES;
				BUNDLE_LOADER = "$(TEST_HOST)";
				CODE_SIGN_STYLE = Automatic;
				INFOPLIST_FILE = SocialNetworkingTests/Info.plist;
				LD_RUNPATH_SEARCH_PATHS = "$(inherited) @executable_path/Frameworks @loader_path/Frameworks";
				PRODUCT_BUNDLE_IDENTIFIER = wpa.SocialNetworkingTests;
				PRODUCT_NAME = "$(TARGET_NAME)";
				SWIFT_VERSION = 4.0;
				TARGETED_DEVICE_FAMILY = "1,2";
				TEST_HOST = "$(BUILT_PRODUCTS_DIR)/SocialNetworking.app/SocialNetworking";
			};
			name = Release;
		};
		F7B0A3471FBBCDF9007139A1 /* Debug */ = {
			isa = XCBuildConfiguration;
			buildSettings = {
				ALWAYS_EMBED_SWIFT_STANDARD_LIBRARIES = YES;
				CODE_SIGN_STYLE = Automatic;
				INFOPLIST_FILE = SocialNetworkingUITests/Info.plist;
				LD_RUNPATH_SEARCH_PATHS = "$(inherited) @executable_path/Frameworks @loader_path/Frameworks";
				PRODUCT_BUNDLE_IDENTIFIER = wpa.SocialNetworkingUITests;
				PRODUCT_NAME = "$(TARGET_NAME)";
				SWIFT_VERSION = 4.0;
				TARGETED_DEVICE_FAMILY = "1,2";
				TEST_TARGET_NAME = SocialNetworking;
			};
			name = Debug;
		};
		F7B0A3481FBBCDF9007139A1 /* Release */ = {
			isa = XCBuildConfiguration;
			buildSettings = {
				ALWAYS_EMBED_SWIFT_STANDARD_LIBRARIES = YES;
				CODE_SIGN_STYLE = Automatic;
				INFOPLIST_FILE = SocialNetworkingUITests/Info.plist;
				LD_RUNPATH_SEARCH_PATHS = "$(inherited) @executable_path/Frameworks @loader_path/Frameworks";
				PRODUCT_BUNDLE_IDENTIFIER = wpa.SocialNetworkingUITests;
				PRODUCT_NAME = "$(TARGET_NAME)";
				SWIFT_VERSION = 4.0;
				TARGETED_DEVICE_FAMILY = "1,2";
				TEST_TARGET_NAME = SocialNetworking;
			};
			name = Release;
		};
/* End XCBuildConfiguration section */

/* Begin XCConfigurationList section */
		F7B0A3131FBBCDF9007139A1 /* Build configuration list for PBXProject "SocialNetworking" */ = {
			isa = XCConfigurationList;
			buildConfigurations = (
				F7B0A33E1FBBCDF9007139A1 /* Debug */,
				F7B0A33F1FBBCDF9007139A1 /* Release */,
			);
			defaultConfigurationIsVisible = 0;
			defaultConfigurationName = Release;
		};
		F7B0A3401FBBCDF9007139A1 /* Build configuration list for PBXNativeTarget "SocialNetworking" */ = {
			isa = XCConfigurationList;
			buildConfigurations = (
				F7B0A3411FBBCDF9007139A1 /* Debug */,
				F7B0A3421FBBCDF9007139A1 /* Release */,
			);
			defaultConfigurationIsVisible = 0;
			defaultConfigurationName = Release;
		};
		F7B0A3431FBBCDF9007139A1 /* Build configuration list for PBXNativeTarget "SocialNetworkingTests" */ = {
			isa = XCConfigurationList;
			buildConfigurations = (
				F7B0A3441FBBCDF9007139A1 /* Debug */,
				F7B0A3451FBBCDF9007139A1 /* Release */,
			);
			defaultConfigurationIsVisible = 0;
			defaultConfigurationName = Release;
		};
		F7B0A3461FBBCDF9007139A1 /* Build configuration list for PBXNativeTarget "SocialNetworkingUITests" */ = {
			isa = XCConfigurationList;
			buildConfigurations = (
				F7B0A3471FBBCDF9007139A1 /* Debug */,
				F7B0A3481FBBCDF9007139A1 /* Release */,
			);
			defaultConfigurationIsVisible = 0;
			defaultConfigurationName = Release;
		};
/* End XCConfigurationList section */
	};
	rootObject = F7B0A3101FBBCDF9007139A1 /* Project object */;
}
